
Microsoft Visual Studio Solution File, Format Version 12.00
# Visual Studio Version 17
VisualStudioVersion = 17.9.34728.123
MinimumVisualStudioVersion = 10.0.40219.1
Project("{9A19103F-16F7-4668-BE54-9A1E7A4F7556}") = "Mcc.Revit.Master", "Mcc.Revit.Master\Mcc.Revit.Master.csproj", "{E13FC9B7-DC8C-49E5-8A9A-E6EEF5980803}"
EndProject
Project("{9A19103F-16F7-4668-BE54-9A1E7A4F7556}") = "Mcc.Revit.Entity", "Mcc.Revit.Entity\Mcc.Revit.Entity.csproj", "{80E57EAA-4F17-4329-93FB-1EFF5B0472FE}"
EndProject
Project("{9A19103F-16F7-4668-BE54-9A1E7A4F7556}") = "Mcc.Revit.Toolkit.Extension", "Mcc.Revit.Toolkit.Extension\Mcc.Revit.Toolkit.Extension.csproj", "{D73E10C1-0FE2-48D9-BD4E-99502F3EC343}"
EndProject
Project("{9A19103F-16F7-4668-BE54-9A1E7A4F7556}") = "Mcc.Revit.Toolkit.Mvvm", "Mcc.Revit.Toolkit.Mvvm\Mcc.Revit.Toolkit.Mvvm.csproj", "{FA93AE6C-A1F9-4357-A56E-DFC782F15CCC}"
EndProject
Global
	GlobalSection(SolutionConfigurationPlatforms) = preSolution
		Debug|Any CPU = Debug|Any CPU
		Release|Any CPU = Release|Any CPU
		RVT_16_Debug|Any CPU = RVT_16_Debug|Any CPU
		RVT_16_Release|Any CPU = RVT_16_Release|Any CPU
		RVT_17_Debug|Any CPU = RVT_17_Debug|Any CPU
		RVT_17_Release|Any CPU = RVT_17_Release|Any CPU
		RVT_18_Debug|Any CPU = RVT_18_Debug|Any CPU
		RVT_18_Release|Any CPU = RVT_18_Release|Any CPU
		RVT_19_Debug|Any CPU = RVT_19_Debug|Any CPU
		RVT_19_Release|Any CPU = RVT_19_Release|Any CPU
		RVT_20_Debug|Any CPU = RVT_20_Debug|Any CPU
		RVT_20_Release|Any CPU = RVT_20_Release|Any CPU
		RVT_21_Debug|Any CPU = RVT_21_Debug|Any CPU
		RVT_21_Release|Any CPU = RVT_21_Release|Any CPU
		RVT_22_Debug|Any CPU = RVT_22_Debug|Any CPU
		RVT_22_Release|Any CPU = RVT_22_Release|Any CPU
	EndGlobalSection
	GlobalSection(ProjectConfigurationPlatforms) = postSolution
		{E13FC9B7-DC8C-49E5-8A9A-E6EEF5980803}.Debug|Any CPU.ActiveCfg = Debug|Any CPU
		{E13FC9B7-DC8C-49E5-8A9A-E6EEF5980803}.Debug|Any CPU.Build.0 = Debug|Any CPU
		{E13FC9B7-DC8C-49E5-8A9A-E6EEF5980803}.Release|Any CPU.ActiveCfg = Release|Any CPU
		{E13FC9B7-DC8C-49E5-8A9A-E6EEF5980803}.Release|Any CPU.Build.0 = Release|Any CPU
		{E13FC9B7-DC8C-49E5-8A9A-E6EEF5980803}.RVT_16_Debug|Any CPU.ActiveCfg = RVT_16_Debug|Any CPU
		{E13FC9B7-DC8C-49E5-8A9A-E6EEF5980803}.RVT_16_Debug|Any CPU.Build.0 = RVT_16_Debug|Any CPU
		{E13FC9B7-DC8C-49E5-8A9A-E6EEF5980803}.RVT_16_Release|Any CPU.ActiveCfg = RVT_16_Release|Any CPU
		{E13FC9B7-DC8C-49E5-8A9A-E6EEF5980803}.RVT_16_Release|Any CPU.Build.0 = RVT_16_Release|Any CPU
		{E13FC9B7-DC8C-49E5-8A9A-E6EEF5980803}.RVT_17_Debug|Any CPU.ActiveCfg = RVT_17_Debug|Any CPU
		{E13FC9B7-DC8C-49E5-8A9A-E6EEF5980803}.RVT_17_Debug|Any CPU.Build.0 = RVT_17_Debug|Any CPU
		{E13FC9B7-DC8C-49E5-8A9A-E6EEF5980803}.RVT_17_Release|Any CPU.ActiveCfg = RVT_17_Release|Any CPU
		{E13FC9B7-DC8C-49E5-8A9A-E6EEF5980803}.RVT_17_Release|Any CPU.Build.0 = RVT_17_Release|Any CPU
		{E13FC9B7-DC8C-49E5-8A9A-E6EEF5980803}.RVT_18_Debug|Any CPU.ActiveCfg = RVT_18_Debug|Any CPU
		{E13FC9B7-DC8C-49E5-8A9A-E6EEF5980803}.RVT_18_Debug|Any CPU.Build.0 = RVT_18_Debug|Any CPU
		{E13FC9B7-DC8C-49E5-8A9A-E6EEF5980803}.RVT_18_Release|Any CPU.ActiveCfg = RVT_18_Release|Any CPU
		{E13FC9B7-DC8C-49E5-8A9A-E6EEF5980803}.RVT_18_Release|Any CPU.Build.0 = RVT_18_Release|Any CPU
		{E13FC9B7-DC8C-49E5-8A9A-E6EEF5980803}.RVT_19_Debug|Any CPU.ActiveCfg = RVT_19_Debug|Any CPU
		{E13FC9B7-DC8C-49E5-8A9A-E6EEF5980803}.RVT_19_Debug|Any CPU.Build.0 = RVT_19_Debug|Any CPU
		{E13FC9B7-DC8C-49E5-8A9A-E6EEF5980803}.RVT_19_Release|Any CPU.ActiveCfg = RVT_19_Release|Any CPU
		{E13FC9B7-DC8C-49E5-8A9A-E6EEF5980803}.RVT_19_Release|Any CPU.Build.0 = RVT_19_Release|Any CPU
		{E13FC9B7-DC8C-49E5-8A9A-E6EEF5980803}.RVT_20_Debug|Any CPU.ActiveCfg = RVT_20_Debug|Any CPU
		{E13FC9B7-DC8C-49E5-8A9A-E6EEF5980803}.RVT_20_Debug|Any CPU.Build.0 = RVT_20_Debug|Any CPU
		{E13FC9B7-DC8C-49E5-8A9A-E6EEF5980803}.RVT_20_Release|Any CPU.ActiveCfg = RVT_20_Release|Any CPU
		{E13FC9B7-DC8C-49E5-8A9A-E6EEF5980803}.RVT_20_Release|Any CPU.Build.0 = RVT_20_Release|Any CPU
		{E13FC9B7-DC8C-49E5-8A9A-E6EEF5980803}.RVT_21_Debug|Any CPU.ActiveCfg = RVT_21_Debug|Any CPU
		{E13FC9B7-DC8C-49E5-8A9A-E6EEF5980803}.RVT_21_Debug|Any CPU.Build.0 = RVT_21_Debug|Any CPU
		{E13FC9B7-DC8C-49E5-8A9A-E6EEF5980803}.RVT_21_Release|Any CPU.ActiveCfg = RVT_21_Release|Any CPU
		{E13FC9B7-DC8C-49E5-8A9A-E6EEF5980803}.RVT_21_Release|Any CPU.Build.0 = RVT_21_Release|Any CPU
		{E13FC9B7-DC8C-49E5-8A9A-E6EEF5980803}.RVT_22_Debug|Any CPU.ActiveCfg = RVT_22_Debug|Any CPU
		{E13FC9B7-DC8C-49E5-8A9A-E6EEF5980803}.RVT_22_Debug|Any CPU.Build.0 = RVT_22_Debug|Any CPU
		{E13FC9B7-DC8C-49E5-8A9A-E6EEF5980803}.RVT_22_Release|Any CPU.ActiveCfg = RVT_22_Release|Any CPU
		{E13FC9B7-DC8C-49E5-8A9A-E6EEF5980803}.RVT_22_Release|Any CPU.Build.0 = RVT_22_Release|Any CPU
		{80E57EAA-4F17-4329-93FB-1EFF5B0472FE}.Debug|Any CPU.ActiveCfg = Debug|Any CPU
		{80E57EAA-4F17-4329-93FB-1EFF5B0472FE}.Debug|Any CPU.Build.0 = Debug|Any CPU
		{80E57EAA-4F17-4329-93FB-1EFF5B0472FE}.Release|Any CPU.ActiveCfg = Release|Any CPU
		{80E57EAA-4F17-4329-93FB-1EFF5B0472FE}.Release|Any CPU.Build.0 = Release|Any CPU
		{80E57EAA-4F17-4329-93FB-1EFF5B0472FE}.RVT_16_Debug|Any CPU.ActiveCfg = RVT_16_Debug|Any CPU
		{80E57EAA-4F17-4329-93FB-1EFF5B0472FE}.RVT_16_Debug|Any CPU.Build.0 = RVT_16_Debug|Any CPU
		{80E57EAA-4F17-4329-93FB-1EFF5B0472FE}.RVT_16_Release|Any CPU.ActiveCfg = RVT_16_Release|Any CPU
		{80E57EAA-4F17-4329-93FB-1EFF5B0472FE}.RVT_16_Release|Any CPU.Build.0 = RVT_16_Release|Any CPU
		{80E57EAA-4F17-4329-93FB-1EFF5B0472FE}.RVT_17_Debug|Any CPU.ActiveCfg = RVT_17_Debug|Any CPU
		{80E57EAA-4F17-4329-93FB-1EFF5B0472FE}.RVT_17_Debug|Any CPU.Build.0 = RVT_17_Debug|Any CPU
		{80E57EAA-4F17-4329-93FB-1EFF5B0472FE}.RVT_17_Release|Any CPU.ActiveCfg = RVT_17_Release|Any CPU
		{80E57EAA-4F17-4329-93FB-1EFF5B0472FE}.RVT_17_Release|Any CPU.Build.0 = RVT_17_Release|Any CPU
		{80E57EAA-4F17-4329-93FB-1EFF5B0472FE}.RVT_18_Debug|Any CPU.ActiveCfg = RVT_18_Debug|Any CPU
		{80E57EAA-4F17-4329-93FB-1EFF5B0472FE}.RVT_18_Debug|Any CPU.Build.0 = RVT_18_Debug|Any CPU
		{80E57EAA-4F17-4329-93FB-1EFF5B0472FE}.RVT_18_Release|Any CPU.ActiveCfg = RVT_18_Release|Any CPU
		{80E57EAA-4F17-4329-93FB-1EFF5B0472FE}.RVT_18_Release|Any CPU.Build.0 = RVT_18_Release|Any CPU
		{80E57EAA-4F17-4329-93FB-1EFF5B0472FE}.RVT_19_Debug|Any CPU.ActiveCfg = RVT_19_Debug|Any CPU
		{80E57EAA-4F17-4329-93FB-1EFF5B0472FE}.RVT_19_Debug|Any CPU.Build.0 = RVT_19_Debug|Any CPU
		{80E57EAA-4F17-4329-93FB-1EFF5B0472FE}.RVT_19_Release|Any CPU.ActiveCfg = RVT_19_Release|Any CPU
		{80E57EAA-4F17-4329-93FB-1EFF5B0472FE}.RVT_19_Release|Any CPU.Build.0 = RVT_19_Release|Any CPU
		{80E57EAA-4F17-4329-93FB-1EFF5B0472FE}.RVT_20_Debug|Any CPU.ActiveCfg = RVT_20_Debug|Any CPU
		{80E57EAA-4F17-4329-93FB-1EFF5B0472FE}.RVT_20_Debug|Any CPU.Build.0 = RVT_20_Debug|Any CPU
		{80E57EAA-4F17-4329-93FB-1EFF5B0472FE}.RVT_20_Release|Any CPU.ActiveCfg = RVT_20_Release|Any CPU
		{80E57EAA-4F17-4329-93FB-1EFF5B0472FE}.RVT_20_Release|Any CPU.Build.0 = RVT_20_Release|Any CPU
		{80E57EAA-4F17-4329-93FB-1EFF5B0472FE}.RVT_21_Debug|Any CPU.ActiveCfg = RVT_21_Debug|Any CPU
		{80E57EAA-4F17-4329-93FB-1EFF5B0472FE}.RVT_21_Debug|Any CPU.Build.0 = RVT_21_Debug|Any CPU
		{80E57EAA-4F17-4329-93FB-1EFF5B0472FE}.RVT_21_Release|Any CPU.ActiveCfg = RVT_21_Release|Any CPU
		{80E57EAA-4F17-4329-93FB-1EFF5B0472FE}.RVT_21_Release|Any CPU.Build.0 = RVT_21_Release|Any CPU
		{80E57EAA-4F17-4329-93FB-1EFF5B0472FE}.RVT_22_Debug|Any CPU.ActiveCfg = RVT_22_Debug|Any CPU
		{80E57EAA-4F17-4329-93FB-1EFF5B0472FE}.RVT_22_Debug|Any CPU.Build.0 = RVT_22_Debug|Any CPU
		{80E57EAA-4F17-4329-93FB-1EFF5B0472FE}.RVT_22_Release|Any CPU.ActiveCfg = RVT_22_Release|Any CPU
		{80E57EAA-4F17-4329-93FB-1EFF5B0472FE}.RVT_22_Release|Any CPU.Build.0 = RVT_22_Release|Any CPU
		{D73E10C1-0FE2-48D9-BD4E-99502F3EC343}.Debug|Any CPU.ActiveCfg = Debug|Any CPU
		{D73E10C1-0FE2-48D9-BD4E-99502F3EC343}.Debug|Any CPU.Build.0 = Debug|Any CPU
		{D73E10C1-0FE2-48D9-BD4E-99502F3EC343}.Release|Any CPU.ActiveCfg = Release|Any CPU
		{D73E10C1-0FE2-48D9-BD4E-99502F3EC343}.Release|Any CPU.Build.0 = Release|Any CPU
		{D73E10C1-0FE2-48D9-BD4E-99502F3EC343}.RVT_16_Debug|Any CPU.ActiveCfg = RVT_16_Debug|Any CPU
		{D73E10C1-0FE2-48D9-BD4E-99502F3EC343}.RVT_16_Debug|Any CPU.Build.0 = RVT_16_Debug|Any CPU
		{D73E10C1-0FE2-48D9-BD4E-99502F3EC343}.RVT_16_Release|Any CPU.ActiveCfg = RVT_16_Release|Any CPU
		{D73E10C1-0FE2-48D9-BD4E-99502F3EC343}.RVT_16_Release|Any CPU.Build.0 = RVT_16_Release|Any CPU
		{D73E10C1-0FE2-48D9-BD4E-99502F3EC343}.RVT_17_Debug|Any CPU.ActiveCfg = RVT_17_Debug|Any CPU
		{D73E10C1-0FE2-48D9-BD4E-99502F3EC343}.RVT_17_Debug|Any CPU.Build.0 = RVT_17_Debug|Any CPU
		{D73E10C1-0FE2-48D9-BD4E-99502F3EC343}.RVT_17_Release|Any CPU.ActiveCfg = RVT_17_Release|Any CPU
		{D73E10C1-0FE2-48D9-BD4E-99502F3EC343}.RVT_17_Release|Any CPU.Build.0 = RVT_17_Release|Any CPU
		{D73E10C1-0FE2-48D9-BD4E-99502F3EC343}.RVT_18_Debug|Any CPU.ActiveCfg = RVT_18_Debug|Any CPU
		{D73E10C1-0FE2-48D9-BD4E-99502F3EC343}.RVT_18_Debug|Any CPU.Build.0 = RVT_18_Debug|Any CPU
		{D73E10C1-0FE2-48D9-BD4E-99502F3EC343}.RVT_18_Release|Any CPU.ActiveCfg = RVT_18_Release|Any CPU
		{D73E10C1-0FE2-48D9-BD4E-99502F3EC343}.RVT_18_Release|Any CPU.Build.0 = RVT_18_Release|Any CPU
		{D73E10C1-0FE2-48D9-BD4E-99502F3EC343}.RVT_19_Debug|Any CPU.ActiveCfg = RVT_19_Debug|Any CPU
		{D73E10C1-0FE2-48D9-BD4E-99502F3EC343}.RVT_19_Debug|Any CPU.Build.0 = RVT_19_Debug|Any CPU
		{D73E10C1-0FE2-48D9-BD4E-99502F3EC343}.RVT_19_Release|Any CPU.ActiveCfg = RVT_19_Release|Any CPU
		{D73E10C1-0FE2-48D9-BD4E-99502F3EC343}.RVT_19_Release|Any CPU.Build.0 = RVT_19_Release|Any CPU
		{D73E10C1-0FE2-48D9-BD4E-99502F3EC343}.RVT_20_Debug|Any CPU.ActiveCfg = RVT_20_Debug|Any CPU
		{D73E10C1-0FE2-48D9-BD4E-99502F3EC343}.RVT_20_Debug|Any CPU.Build.0 = RVT_20_Debug|Any CPU
		{D73E10C1-0FE2-48D9-BD4E-99502F3EC343}.RVT_20_Release|Any CPU.ActiveCfg = RVT_20_Release|Any CPU
		{D73E10C1-0FE2-48D9-BD4E-99502F3EC343}.RVT_20_Release|Any CPU.Build.0 = RVT_20_Release|Any CPU
		{D73E10C1-0FE2-48D9-BD4E-99502F3EC343}.RVT_21_Debug|Any CPU.ActiveCfg = RVT_21_Debug|Any CPU
		{D73E10C1-0FE2-48D9-BD4E-99502F3EC343}.RVT_21_Debug|Any CPU.Build.0 = RVT_21_Debug|Any CPU
		{D73E10C1-0FE2-48D9-BD4E-99502F3EC343}.RVT_21_Release|Any CPU.ActiveCfg = RVT_21_Release|Any CPU
		{D73E10C1-0FE2-48D9-BD4E-99502F3EC343}.RVT_21_Release|Any CPU.Build.0 = RVT_21_Release|Any CPU
		{D73E10C1-0FE2-48D9-BD4E-99502F3EC343}.RVT_22_Debug|Any CPU.ActiveCfg = RVT_22_Debug|Any CPU
		{D73E10C1-0FE2-48D9-BD4E-99502F3EC343}.RVT_22_Debug|Any CPU.Build.0 = RVT_22_Debug|Any CPU
		{D73E10C1-0FE2-48D9-BD4E-99502F3EC343}.RVT_22_Release|Any CPU.ActiveCfg = RVT_22_Release|Any CPU
		{D73E10C1-0FE2-48D9-BD4E-99502F3EC343}.RVT_22_Release|Any CPU.Build.0 = RVT_22_Release|Any CPU
		{FA93AE6C-A1F9-4357-A56E-DFC782F15CCC}.Debug|Any CPU.ActiveCfg = Debug|Any CPU
		{FA93AE6C-A1F9-4357-A56E-DFC782F15CCC}.Debug|Any CPU.Build.0 = Debug|Any CPU
		{FA93AE6C-A1F9-4357-A56E-DFC782F15CCC}.Release|Any CPU.ActiveCfg = Release|Any CPU
		{FA93AE6C-A1F9-4357-A56E-DFC782F15CCC}.Release|Any CPU.Build.0 = Release|Any CPU
		{FA93AE6C-A1F9-4357-A56E-DFC782F15CCC}.RVT_16_Debug|Any CPU.ActiveCfg = RVT_16_Debug|Any CPU
		{FA93AE6C-A1F9-4357-A56E-DFC782F15CCC}.RVT_16_Debug|Any CPU.Build.0 = RVT_16_Debug|Any CPU
		{FA93AE6C-A1F9-4357-A56E-DFC782F15CCC}.RVT_16_Release|Any CPU.ActiveCfg = RVT_16_Release|Any CPU
		{FA93AE6C-A1F9-4357-A56E-DFC782F15CCC}.RVT_16_Release|Any CPU.Build.0 = RVT_16_Release|Any CPU
		{FA93AE6C-A1F9-4357-A56E-DFC782F15CCC}.RVT_17_Debug|Any CPU.ActiveCfg = RVT_17_Debug|Any CPU
		{FA93AE6C-A1F9-4357-A56E-DFC782F15CCC}.RVT_17_Debug|Any CPU.Build.0 = RVT_17_Debug|Any CPU
		{FA93AE6C-A1F9-4357-A56E-DFC782F15CCC}.RVT_17_Release|Any CPU.ActiveCfg = RVT_17_Release|Any CPU
		{FA93AE6C-A1F9-4357-A56E-DFC782F15CCC}.RVT_17_Release|Any CPU.Build.0 = RVT_17_Release|Any CPU
		{FA93AE6C-A1F9-4357-A56E-DFC782F15CCC}.RVT_18_Debug|Any CPU.ActiveCfg = RVT_18_Debug|Any CPU
		{FA93AE6C-A1F9-4357-A56E-DFC782F15CCC}.RVT_18_Debug|Any CPU.Build.0 = RVT_18_Debug|Any CPU
		{FA93AE6C-A1F9-4357-A56E-DFC782F15CCC}.RVT_18_Release|Any CPU.ActiveCfg = RVT_18_Release|Any CPU
		{FA93AE6C-A1F9-4357-A56E-DFC782F15CCC}.RVT_18_Release|Any CPU.Build.0 = RVT_18_Release|Any CPU
		{FA93AE6C-A1F9-4357-A56E-DFC782F15CCC}.RVT_19_Debug|Any CPU.ActiveCfg = RVT_19_Debug|Any CPU
		{FA93AE6C-A1F9-4357-A56E-DFC782F15CCC}.RVT_19_Debug|Any CPU.Build.0 = RVT_19_Debug|Any CPU
		{FA93AE6C-A1F9-4357-A56E-DFC782F15CCC}.RVT_19_Release|Any CPU.ActiveCfg = RVT_19_Release|Any CPU
		{FA93AE6C-A1F9-4357-A56E-DFC782F15CCC}.RVT_19_Release|Any CPU.Build.0 = RVT_19_Release|Any CPU
		{FA93AE6C-A1F9-4357-A56E-DFC782F15CCC}.RVT_20_Debug|Any CPU.ActiveCfg = RVT_20_Debug|Any CPU
		{FA93AE6C-A1F9-4357-A56E-DFC782F15CCC}.RVT_20_Debug|Any CPU.Build.0 = RVT_20_Debug|Any CPU
		{FA93AE6C-A1F9-4357-A56E-DFC782F15CCC}.RVT_20_Release|Any CPU.ActiveCfg = RVT_20_Release|Any CPU
		{FA93AE6C-A1F9-4357-A56E-DFC782F15CCC}.RVT_20_Release|Any CPU.Build.0 = RVT_20_Release|Any CPU
		{FA93AE6C-A1F9-4357-A56E-DFC782F15CCC}.RVT_21_Debug|Any CPU.ActiveCfg = RVT_21_Debug|Any CPU
		{FA93AE6C-A1F9-4357-A56E-DFC782F15CCC}.RVT_21_Debug|Any CPU.Build.0 = RVT_21_Debug|Any CPU
		{FA93AE6C-A1F9-4357-A56E-DFC782F15CCC}.RVT_21_Release|Any CPU.ActiveCfg = RVT_21_Release|Any CPU
		{FA93AE6C-A1F9-4357-A56E-DFC782F15CCC}.RVT_21_Release|Any CPU.Build.0 = RVT_21_Release|Any CPU
		{FA93AE6C-A1F9-4357-A56E-DFC782F15CCC}.RVT_22_Debug|Any CPU.ActiveCfg = RVT_22_Debug|Any CPU
		{FA93AE6C-A1F9-4357-A56E-DFC782F15CCC}.RVT_22_Debug|Any CPU.Build.0 = RVT_22_Debug|Any CPU
		{FA93AE6C-A1F9-4357-A56E-DFC782F15CCC}.RVT_22_Release|Any CPU.ActiveCfg = RVT_22_Release|Any CPU
		{FA93AE6C-A1F9-4357-A56E-DFC782F15CCC}.RVT_22_Release|Any CPU.Build.0 = RVT_22_Release|Any CPU
	EndGlobalSection
	GlobalSection(SolutionProperties) = preSolution
		HideSolutionNode = FALSE
	EndGlobalSection
	GlobalSection(ExtensibilityGlobals) = postSolution
		SolutionGuid = {072BEA45-14FC-4F8B-A456-4626D6E225D1}
	EndGlobalSection
EndGlobal
